// !$*UTF8*$!
{
	archiveVersion = 1;
	classes = {
	};
	objectVersion = 51;
	objects = {

/* Begin PBXBuildFile section */
		0406956F268F5499005AC527 /* AppDelegate.swift in Sources */ = {isa = PBXBuildFile; fileRef = 0406956E268F5499005AC527 /* AppDelegate.swift */; };
		04069571268F5499005AC527 /* SceneDelegate.swift in Sources */ = {isa = PBXBuildFile; fileRef = 04069570268F5499005AC527 /* SceneDelegate.swift */; };
		04069576268F5499005AC527 /* Main.storyboard in Resources */ = {isa = PBXBuildFile; fileRef = 04069574268F5499005AC527 /* Main.storyboard */; };
		04069578268F549B005AC527 /* Assets.xcassets in Resources */ = {isa = PBXBuildFile; fileRef = 04069577268F549B005AC527 /* Assets.xcassets */; };
		0406957B268F549B005AC527 /* LaunchScreen.storyboard in Resources */ = {isa = PBXBuildFile; fileRef = 04069579268F549B005AC527 /* LaunchScreen.storyboard */; };
		04069583268F5F8E005AC527 /* AuthViewController.swift in Sources */ = {isa = PBXBuildFile; fileRef = 04069582268F5F8E005AC527 /* AuthViewController.swift */; };
		04069586268F6077005AC527 /* PaymentsViewController.swift in Sources */ = {isa = PBXBuildFile; fileRef = 04069585268F6077005AC527 /* PaymentsViewController.swift */; };
		0406958B268F724A005AC527 /* PaymentsTableViewCell.swift in Sources */ = {isa = PBXBuildFile; fileRef = 04069589268F724A005AC527 /* PaymentsTableViewCell.swift */; };
		0406958C268F724A005AC527 /* PaymentsTableViewCell.xib in Resources */ = {isa = PBXBuildFile; fileRef = 0406958A268F724A005AC527 /* PaymentsTableViewCell.xib */; };
		0406958E268F765A005AC527 /* AuthModel.swift in Sources */ = {isa = PBXBuildFile; fileRef = 0406958D268F765A005AC527 /* AuthModel.swift */; };
		04069592268F9139005AC527 /* PaymentsModel.swift in Sources */ = {isa = PBXBuildFile; fileRef = 04069591268F9139005AC527 /* PaymentsModel.swift */; };
		04069594268FA1D8005AC527 /* Persistance.swift in Sources */ = {isa = PBXBuildFile; fileRef = 04069593268FA1D8005AC527 /* Persistance.swift */; };
		22809B004AEBB70DC4D3F035 /* Pods_AEONTestApp.framework in Frameworks */ = {isa = PBXBuildFile; fileRef = D102CF7DA357A06EAE1F06A0 /* Pods_AEONTestApp.framework */; };
/* End PBXBuildFile section */

/* Begin PBXFileReference section */
		0406956B268F5499005AC527 /* AEONTestApp.app */ = {isa = PBXFileReference; explicitFileType = wrapper.application; includeInIndex = 0; path = AEONTestApp.app; sourceTree = BUILT_PRODUCTS_DIR; };
		0406956E268F5499005AC527 /* AppDelegate.swift */ = {isa = PBXFileReference; lastKnownFileType = sourcecode.swift; path = AppDelegate.swift; sourceTree = "<group>"; };
		04069570268F5499005AC527 /* SceneDelegate.swift */ = {isa = PBXFileReference; lastKnownFileType = sourcecode.swift; path = SceneDelegate.swift; sourceTree = "<group>"; };
		04069575268F5499005AC527 /* Base */ = {isa = PBXFileReference; lastKnownFileType = file.storyboard; name = Base; path = Base.lproj/Main.storyboard; sourceTree = "<group>"; };
		04069577268F549B005AC527 /* Assets.xcassets */ = {isa = PBXFileReference; lastKnownFileType = folder.assetcatalog; path = Assets.xcassets; sourceTree = "<group>"; };
		0406957A268F549B005AC527 /* Base */ = {isa = PBXFileReference; lastKnownFileType = file.storyboard; name = Base; path = Base.lproj/LaunchScreen.storyboard; sourceTree = "<group>"; };
		0406957C268F549B005AC527 /* Info.plist */ = {isa = PBXFileReference; lastKnownFileType = text.plist.xml; path = Info.plist; sourceTree = "<group>"; };
		04069582268F5F8E005AC527 /* AuthViewController.swift */ = {isa = PBXFileReference; lastKnownFileType = sourcecode.swift; path = AuthViewController.swift; sourceTree = "<group>"; };
		04069585268F6077005AC527 /* PaymentsViewController.swift */ = {isa = PBXFileReference; lastKnownFileType = sourcecode.swift; path = PaymentsViewController.swift; sourceTree = "<group>"; };
		04069589268F724A005AC527 /* PaymentsTableViewCell.swift */ = {isa = PBXFileReference; lastKnownFileType = sourcecode.swift; path = PaymentsTableViewCell.swift; sourceTree = "<group>"; };
		0406958A268F724A005AC527 /* PaymentsTableViewCell.xib */ = {isa = PBXFileReference; lastKnownFileType = file.xib; path = PaymentsTableViewCell.xib; sourceTree = "<group>"; };
		0406958D268F765A005AC527 /* AuthModel.swift */ = {isa = PBXFileReference; lastKnownFileType = sourcecode.swift; path = AuthModel.swift; sourceTree = "<group>"; };
		04069591268F9139005AC527 /* PaymentsModel.swift */ = {isa = PBXFileReference; lastKnownFileType = sourcecode.swift; path = PaymentsModel.swift; sourceTree = "<group>"; };
		04069593268FA1D8005AC527 /* Persistance.swift */ = {isa = PBXFileReference; lastKnownFileType = sourcecode.swift; path = Persistance.swift; sourceTree = "<group>"; };
		1480FDCE3D5FA37B3FDF0DAF /* Pods-AEONTestApp.release.xcconfig */ = {isa = PBXFileReference; includeInIndex = 1; lastKnownFileType = text.xcconfig; name = "Pods-AEONTestApp.release.xcconfig"; path = "Target Support Files/Pods-AEONTestApp/Pods-AEONTestApp.release.xcconfig"; sourceTree = "<group>"; };
		9A3FD83E78FB76EB34DA80AF /* Pods-AEONTestApp.debug.xcconfig */ = {isa = PBXFileReference; includeInIndex = 1; lastKnownFileType = text.xcconfig; name = "Pods-AEONTestApp.debug.xcconfig"; path = "Target Support Files/Pods-AEONTestApp/Pods-AEONTestApp.debug.xcconfig"; sourceTree = "<group>"; };
		D102CF7DA357A06EAE1F06A0 /* Pods_AEONTestApp.framework */ = {isa = PBXFileReference; explicitFileType = wrapper.framework; includeInIndex = 0; path = Pods_AEONTestApp.framework; sourceTree = BUILT_PRODUCTS_DIR; };
/* End PBXFileReference section */

/* Begin PBXFrameworksBuildPhase section */
		04069568268F5499005AC527 /* Frameworks */ = {
			isa = PBXFrameworksBuildPhase;
			buildActionMask = 2147483647;
			files = (
				22809B004AEBB70DC4D3F035 /* Pods_AEONTestApp.framework in Frameworks */,
			);
			runOnlyForDeploymentPostprocessing = 0;
		};
/* End PBXFrameworksBuildPhase section */

/* Begin PBXGroup section */
		04069562268F5499005AC527 = {
			isa = PBXGroup;
			children = (
				0406956D268F5499005AC527 /* AEONTestApp */,
				0406956C268F5499005AC527 /* Products */,
				24E76D3E64F06E94BB21B388 /* Pods */,
				5F2D22FC8181447ABF35F439 /* Frameworks */,
			);
			sourceTree = "<group>";
		};
		0406956C268F5499005AC527 /* Products */ = {
			isa = PBXGroup;
			children = (
				0406956B268F5499005AC527 /* AEONTestApp.app */,
			);
			name = Products;
			sourceTree = "<group>";
		};
		0406956D268F5499005AC527 /* AEONTestApp */ = {
			isa = PBXGroup;
			children = (
				0406956E268F5499005AC527 /* AppDelegate.swift */,
				04069570268F5499005AC527 /* SceneDelegate.swift */,
				04069588268F608D005AC527 /* Payments */,
				04069587268F6080005AC527 /* Auth */,
				04069574268F5499005AC527 /* Main.storyboard */,
				04069577268F549B005AC527 /* Assets.xcassets */,
				04069579268F549B005AC527 /* LaunchScreen.storyboard */,
				0406957C268F549B005AC527 /* Info.plist */,
			);
			path = AEONTestApp;
			sourceTree = "<group>";
		};
		04069587268F6080005AC527 /* Auth */ = {
			isa = PBXGroup;
			children = (
				04069582268F5F8E005AC527 /* AuthViewController.swift */,
				04069593268FA1D8005AC527 /* Persistance.swift */,
				0406958D268F765A005AC527 /* AuthModel.swift */,
			);
			path = Auth;
			sourceTree = "<group>";
		};
		04069588268F608D005AC527 /* Payments */ = {
			isa = PBXGroup;
			children = (
				04069585268F6077005AC527 /* PaymentsViewController.swift */,
				04069591268F9139005AC527 /* PaymentsModel.swift */,
				04069589268F724A005AC527 /* PaymentsTableViewCell.swift */,
				0406958A268F724A005AC527 /* PaymentsTableViewCell.xib */,
			);
			path = Payments;
			sourceTree = "<group>";
		};
		24E76D3E64F06E94BB21B388 /* Pods */ = {
			isa = PBXGroup;
			children = (
				9A3FD83E78FB76EB34DA80AF /* Pods-AEONTestApp.debug.xcconfig */,
				1480FDCE3D5FA37B3FDF0DAF /* Pods-AEONTestApp.release.xcconfig */,
			);
			path = Pods;
			sourceTree = "<group>";
		};
		5F2D22FC8181447ABF35F439 /* Frameworks */ = {
			isa = PBXGroup;
			children = (
				D102CF7DA357A06EAE1F06A0 /* Pods_AEONTestApp.framework */,
			);
			name = Frameworks;
			sourceTree = "<group>";
		};
/* End PBXGroup section */

/* Begin PBXNativeTarget section */
		0406956A268F5499005AC527 /* AEONTestApp */ = {
			isa = PBXNativeTarget;
			buildConfigurationList = 0406957F268F549B005AC527 /* Build configuration list for PBXNativeTarget "AEONTestApp" */;
			buildPhases = (
				BA5114F42C822E8F48F95ABA /* [CP] Check Pods Manifest.lock */,
				04069567268F5499005AC527 /* Sources */,
				04069568268F5499005AC527 /* Frameworks */,
				04069569268F5499005AC527 /* Resources */,
				B71772F69F9A7732270051FC /* [CP] Embed Pods Frameworks */,
			);
			buildRules = (
			);
			dependencies = (
			);
			name = AEONTestApp;
			productName = AEONTestApp;
			productReference = 0406956B268F5499005AC527 /* AEONTestApp.app */;
			productType = "com.apple.product-type.application";
		};
/* End PBXNativeTarget section */

/* Begin PBXProject section */
		04069563268F5499005AC527 /* Project object */ = {
			isa = PBXProject;
			attributes = {
				LastSwiftUpdateCheck = 1250;
				LastUpgradeCheck = 1250;
				TargetAttributes = {
					0406956A268F5499005AC527 = {
						CreatedOnToolsVersion = 12.5;
					};
				};
			};
			buildConfigurationList = 04069566268F5499005AC527 /* Build configuration list for PBXProject "AEONTestApp" */;
			compatibilityVersion = "Xcode 9.3";
			developmentRegion = en;
			hasScannedForEncodings = 0;
			knownRegions = (
				en,
				Base,
			);
			mainGroup = 04069562268F5499005AC527;
			productRefGroup = 0406956C268F5499005AC527 /* Products */;
			projectDirPath = "";
			projectRoot = "";
			targets = (
				0406956A268F5499005AC527 /* AEONTestApp */,
			);
		};
/* End PBXProject section */

/* Begin PBXResourcesBuildPhase section */
		04069569268F5499005AC527 /* Resources */ = {
			isa = PBXResourcesBuildPhase;
			buildActionMask = 2147483647;
			files = (
				0406957B268F549B005AC527 /* LaunchScreen.storyboard in Resources */,
				04069578268F549B005AC527 /* Assets.xcassets in Resources */,
				0406958C268F724A005AC527 /* PaymentsTableViewCell.xib in Resources */,
				04069576268F5499005AC527 /* Main.storyboard in Resources */,
			);
			runOnlyForDeploymentPostprocessing = 0;
		};
/* End PBXResourcesBuildPhase section */

/* Begin PBXShellScriptBuildPhase section */
		B71772F69F9A7732270051FC /* [CP] Embed Pods Frameworks */ = {
			isa = PBXShellScriptBuildPhase;
			buildActionMask = 2147483647;
			files = (
			);
			inputFileListPaths = (
				"${PODS_ROOT}/Target Support Files/Pods-AEONTestApp/Pods-AEONTestApp-frameworks-${CONFIGURATION}-input-files.xcfilelist",
			);
			name = "[CP] Embed Pods Frameworks";
			outputFileListPaths = (
				"${PODS_ROOT}/Target Support Files/Pods-AEONTestApp/Pods-AEONTestApp-frameworks-${CONFIGURATION}-output-files.xcfilelist",
			);
			runOnlyForDeploymentPostprocessing = 0;
			shellPath = /bin/sh;
			shellScript = "\"${PODS_ROOT}/Target Support Files/Pods-AEONTestApp/Pods-AEONTestApp-frameworks.sh\"\n";
			showEnvVarsInLog = 0;
		};
		BA5114F42C822E8F48F95ABA /* [CP] Check Pods Manifest.lock */ = {
			isa = PBXShellScriptBuildPhase;
			buildActionMask = 2147483647;
			files = (
			);
			inputFileListPaths = (
			);
			inputPaths = (
				"${PODS_PODFILE_DIR_PATH}/Podfile.lock",
				"${PODS_ROOT}/Manifest.lock",
			);
			name = "[CP] Check Pods Manifest.lock";
			outputFileListPaths = (
			);
			outputPaths = (
				"$(DERIVED_FILE_DIR)/Pods-AEONTestApp-checkManifestLockResult.txt",
			);
			runOnlyForDeploymentPostprocessing = 0;
			shellPath = /bin/sh;
			shellScript = "diff \"${PODS_PODFILE_DIR_PATH}/Podfile.lock\" \"${PODS_ROOT}/Manifest.lock\" > /dev/null\nif [ $? != 0 ] ; then\n    # print error to STDERR\n    echo \"error: The sandbox is not in sync with the Podfile.lock. Run 'pod install' or update your CocoaPods installation.\" >&2\n    exit 1\nfi\n# This output is used by Xcode 'outputs' to avoid re-running this script phase.\necho \"SUCCESS\" > \"${SCRIPT_OUTPUT_FILE_0}\"\n";
			showEnvVarsInLog = 0;
		};
/* End PBXShellScriptBuildPhase section */

/* Begin PBXSourcesBuildPhase section */
		04069567268F5499005AC527 /* Sources */ = {
			isa = PBXSourcesBuildPhase;
			buildActionMask = 2147483647;
			files = (
				04069592268F9139005AC527 /* PaymentsModel.swift in Sources */,
				0406956F268F5499005AC527 /* AppDelegate.swift in Sources */,
				04069583268F5F8E005AC527 /* AuthViewController.swift in Sources */,
				04069571268F5499005AC527 /* SceneDelegate.swift in Sources */,
				04069586268F6077005AC527 /* PaymentsViewController.swift in Sources */,
				04069594268FA1D8005AC527 /* Persistance.swift in Sources */,
				0406958B268F724A005AC527 /* PaymentsTableViewCell.swift in Sources */,
				0406958E268F765A005AC527 /* AuthModel.swift in Sources */,
			);
			runOnlyForDeploymentPostprocessing = 0;
		};
/* End PBXSourcesBuildPhase section */

/* Begin PBXVariantGroup section */
		04069574268F5499005AC527 /* Main.storyboard */ = {
			isa = PBXVariantGroup;
			children = (
				04069575268F5499005AC527 /* Base */,
			);
			name = Main.storyboard;
			sourceTree = "<group>";
		};
		04069579268F549B005AC527 /* LaunchScreen.storyboard */ = {
			isa = PBXVariantGroup;
			children = (
				0406957A268F549B005AC527 /* Base */,
			);
			name = LaunchScreen.storyboard;
			sourceTree = "<group>";
		};
/* End PBXVariantGroup section */

/* Begin XCBuildConfiguration section */
		0406957D268F549B005AC527 /* Debug */ = {
			isa = XCBuildConfiguration;
			buildSettings = {
				ALWAYS_SEARCH_USER_PATHS = NO;
				CLANG_ANALYZER_NONNULL = YES;
				CLANG_ANALYZER_NUMBER_OBJECT_CONVERSION = YES_AGGRESSIVE;
				CLANG_CXX_LANGUAGE_STANDARD = "gnu++14";
				CLANG_CXX_LIBRARY = "libc++";
				CLANG_ENABLE_MODULES = YES;
				CLANG_ENABLE_OBJC_ARC = YES;
				CLANG_ENABLE_OBJC_WEAK = YES;
				CLANG_WARN_BLOCK_CAPTURE_AUTORELEASING = YES;
				CLANG_WARN_BOOL_CONVERSION = YES;
				CLANG_WARN_COMMA = YES;
				CLANG_WARN_CONSTANT_CONVERSION = YES;
				CLANG_WARN_DEPRECATED_OBJC_IMPLEMENTATIONS = YES;
				CLANG_WARN_DIRECT_OBJC_ISA_USAGE = YES_ERROR;
				CLANG_WARN_DOCUMENTATION_COMMENTS = YES;
				CLANG_WARN_EMPTY_BODY = YES;
				CLANG_WARN_ENUM_CONVERSION = YES;
				CLANG_WARN_INFINITE_RECURSION = YES;
				CLANG_WARN_INT_CONVERSION = YES;
				CLANG_WARN_NON_LITERAL_NULL_CONVERSION = YES;
				CLANG_WARN_OBJC_IMPLICIT_RETAIN_SELF = YES;
				CLANG_WARN_OBJC_LITERAL_CONVERSION = YES;
				CLANG_WARN_OBJC_ROOT_CLASS = YES_ERROR;
				CLANG_WARN_QUOTED_INCLUDE_IN_FRAMEWORK_HEADER = YES;
				CLANG_WARN_RANGE_LOOP_ANALYSIS = YES;
				CLANG_WARN_STRICT_PROTOTYPES = YES;
				CLANG_WARN_SUSPICIOUS_MOVE = YES;
				CLANG_WARN_UNGUARDED_AVAILABILITY = YES_AGGRESSIVE;
				CLANG_WARN_UNREACHABLE_CODE = YES;
				CLANG_WARN__DUPLICATE_METHOD_MATCH = YES;
				COPY_PHASE_STRIP = NO;
				DEBUG_INFORMATION_FORMAT = dwarf;
				ENABLE_STRICT_OBJC_MSGSEND = YES;
				ENABLE_TESTABILITY = YES;
				GCC_C_LANGUAGE_STANDARD = gnu11;
				GCC_DYNAMIC_NO_PIC = NO;
				GCC_NO_COMMON_BLOCKS = YES;
				GCC_OPTIMIZATION_LEVEL = 0;
				GCC_PREPROCESSOR_DEFINITIONS = (
					"DEBUG=1",
					"$(inherited)",
				);
				GCC_WARN_64_TO_32_BIT_CONVERSION = YES;
				GCC_WARN_ABOUT_RETURN_TYPE = YES_ERROR;
				GCC_WARN_UNDECLARED_SELECTOR = YES;
				GCC_WARN_UNINITIALIZED_AUTOS = YES_AGGRESSIVE;
				GCC_WARN_UNUSED_FUNCTION = YES;
				GCC_WARN_UNUSED_VARIABLE = YES;
				IPHONEOS_DEPLOYMENT_TARGET = 14.5;
				MTL_ENABLE_DEBUG_INFO = INCLUDE_SOURCE;
				MTL_FAST_MATH = YES;
				ONLY_ACTIVE_ARCH = YES;
				SDKROOT = iphoneos;
				SWIFT_ACTIVE_COMPILATION_CONDITIONS = DEBUG;
				SWIFT_OPTIMIZATION_LEVEL = "-Onone";
			};
			name = Debug;
		};
		0406957E268F549B005AC527 /* Release */ = {
			isa = XCBuildConfiguration;
			buildSettings = {
				ALWAYS_SEARCH_USER_PATHS = NO;
				CLANG_ANALYZER_NONNULL = YES;
				CLANG_ANALYZER_NUMBER_OBJECT_CONVERSION = YES_AGGRESSIVE;
				CLANG_CXX_LANGUAGE_STANDARD = "gnu++14";
				CLANG_CXX_LIBRARY = "libc++";
				CLANG_ENABLE_MODULES = YES;
				CLANG_ENABLE_OBJC_ARC = YES;
				CLANG_ENABLE_OBJC_WEAK = YES;
				CLANG_WARN_BLOCK_CAPTURE_AUTORELEASING = YES;
				CLANG_WARN_BOOL_CONVERSION = YES;
				CLANG_WARN_COMMA = YES;
				CLANG_WARN_CONSTANT_CONVERSION = YES;
				CLANG_WARN_DEPRECATED_OBJC_IMPLEMENTATIONS = YES;
				CLANG_WARN_DIRECT_OBJC_ISA_USAGE = YES_ERROR;
				CLANG_WARN_DOCUMENTATION_COMMENTS = YES;
				CLANG_WARN_EMPTY_BODY = YES;
				CLANG_WARN_ENUM_CONVERSION = YES;
				CLANG_WARN_INFINITE_RECURSION = YES;
				CLANG_WARN_INT_CONVERSION = YES;
				CLANG_WARN_NON_LITERAL_NULL_CONVERSION = YES;
				CLANG_WARN_OBJC_IMPLICIT_RETAIN_SELF = YES;
				CLANG_WARN_OBJC_LITERAL_CONVERSION = YES;
				CLANG_WARN_OBJC_ROOT_CLASS = YES_ERROR;
				CLANG_WARN_QUOTED_INCLUDE_IN_FRAMEWORK_HEADER = YES;
				CLANG_WARN_RANGE_LOOP_ANALYSIS = YES;
				CLANG_WARN_STRICT_PROTOTYPES = YES;
				CLANG_WARN_SUSPICIOUS_MOVE = YES;
				CLANG_WARN_UNGUARDED_AVAILABILITY = YES_AGGRESSIVE;
				CLANG_WARN_UNREACHABLE_CODE = YES;
				CLANG_WARN__DUPLICATE_METHOD_MATCH = YES;
				COPY_PHASE_STRIP = NO;
				DEBUG_INFORMATION_FORMAT = "dwarf-with-dsym";
				ENABLE_NS_ASSERTIONS = NO;
				ENABLE_STRICT_OBJC_MSGSEND = YES;
				GCC_C_LANGUAGE_STANDARD = gnu11;
				GCC_NO_COMMON_BLOCKS = YES;
				GCC_WARN_64_TO_32_BIT_CONVERSION = YES;
				GCC_WARN_ABOUT_RETURN_TYPE = YES_ERROR;
				GCC_WARN_UNDECLARED_SELECTOR = YES;
				GCC_WARN_UNINITIALIZED_AUTOS = YES_AGGRESSIVE;
				GCC_WARN_UNUSED_FUNCTION = YES;
				GCC_WARN_UNUSED_VARIABLE = YES;
				IPHONEOS_DEPLOYMENT_TARGET = 14.5;
				MTL_ENABLE_DEBUG_INFO = NO;
				MTL_FAST_MATH = YES;
				SDKROOT = iphoneos;
				SWIFT_COMPILATION_MODE = wholemodule;
				SWIFT_OPTIMIZATION_LEVEL = "-O";
				VALIDATE_PRODUCT = YES;
			};
			name = Release;
		};
		04069580268F549B005AC527 /* Debug */ = {
			isa = XCBuildConfiguration;
			baseConfigurationReference = 9A3FD83E78FB76EB34DA80AF /* Pods-AEONTestApp.debug.xcconfig */;
			buildSettings = {
				ASSETCATALOG_COMPILER_APPICON_NAME = AppIcon;
				ASSETCATALOG_COMPILER_GLOBAL_ACCENT_COLOR_NAME = AccentColor;
				CODE_SIGN_STYLE = Automatic;
				DEVELOPMENT_TEAM = 66M872LAH3;
				INFOPLIST_FILE = AEONTestApp/Info.plist;
				LD_RUNPATH_SEARCH_PATHS = (
					"$(inherited)",
					"@executable_path/Frameworks",
				);
				PRODUCT_BUNDLE_IDENTIFIER = karma.AEONTestApp;
				PRODUCT_NAME = "$(TARGET_NAME)";
				SWIFT_VERSION = 5.0;
				TARGETED_DEVICE_FAMILY = "1,2";
			};
			name = Debug;
		};
		04069581268F549B005AC527 /* Release */ = {
			isa = XCBuildConfiguration;
			baseConfigurationReference = 1480FDCE3D5FA37B3FDF0DAF /* Pods-AEONTestApp.release.xcconfig */;
			buildSettings = {
				ASSETCATALOG_COMPILER_APPICON_NAME = AppIcon;
				ASSETCATALOG_COMPILER_GLOBAL_ACCENT_COLOR_NAME = AccentColor;
				CODE_SIGN_STYLE = Automatic;
				DEVELOPMENT_TEAM = 66M872LAH3;
				INFOPLIST_FILE = AEONTestApp/Info.plist;
				LD_RUNPATH_SEARCH_PATHS = (
					"$(inherited)",
					"@executable_path/Frameworks",
				);
				PRODUCT_BUNDLE_IDENTIFIER = karma.AEONTestApp;
				PRODUCT_NAME = "$(TARGET_NAME)";
				SWIFT_VERSION = 5.0;
				TARGETED_DEVICE_FAMILY = "1,2";
			};
			name = Release;
		};
/* End XCBuildConfiguration section */

/* Begin XCConfigurationList section */
		04069566268F5499005AC527 /* Build configuration list for PBXProject "AEONTestApp" */ = {
			isa = XCConfigurationList;
			buildConfigurations = (
				0406957D268F549B005AC527 /* Debug */,
				0406957E268F549B005AC527 /* Release */,
			);
			defaultConfigurationIsVisible = 0;
			defaultConfigurationName = Release;
		};
		0406957F268F549B005AC527 /* Build configuration list for PBXNativeTarget "AEONTestApp" */ = {
			isa = XCConfigurationList;
			buildConfigurations = (
				04069580268F549B005AC527 /* Debug */,
				04069581268F549B005AC527 /* Release */,
			);
			defaultConfigurationIsVisible = 0;
			defaultConfigurationName = Release;
		};
/* End XCConfigurationList section */
	};
	rootObject = 04069563268F5499005AC527 /* Project object */;
}
